
Microsoft Visual Studio Solution File, Format Version 12.00
# Visual Studio Version 16
VisualStudioVersion = 16.0.30503.244
MinimumVisualStudioVersion = 10.0.40219.1
Project("{FAE04EC0-301F-11D3-BF4B-00C04F79EFBC}") = "nMorph.framework.common", "..\..\..\..\5_framework\common\out\cslinked\nMorph.framework.common.csproj", "{0F67D02B-FA6A-4510-AD79-62E9F76293F4}"
EndProject
Project("{FAE04EC0-301F-11D3-BF4B-00C04F79EFBC}") = "nMorph.framework.orm", "..\..\..\..\5_framework\orm\out\cslinked\nMorph.framework.orm.csproj", "{5B527300-47C0-450F-A1A5-4AD939254689}"
	ProjectSection(ProjectDependencies) = postProject
		{0F67D02B-FA6A-4510-AD79-62E9F76293F4} = {0F67D02B-FA6A-4510-AD79-62E9F76293F4}
	EndProjectSection
EndProject
Project("{FAE04EC0-301F-11D3-BF4B-00C04F79EFBC}") = "nMorph.framework.esb", "..\..\..\..\5_framework\esb\out\cslinked\nMorph.framework.esb.csproj", "{8179DBEA-1ACC-4E83-BE9A-DD6DFA8AA2B1}"
	ProjectSection(ProjectDependencies) = postProject
		{0F67D02B-FA6A-4510-AD79-62E9F76293F4} = {0F67D02B-FA6A-4510-AD79-62E9F76293F4}
		{5B527300-47C0-450F-A1A5-4AD939254689} = {5B527300-47C0-450F-A1A5-4AD939254689}
		{DF0A0F86-00F4-4CB3-BA15-A43CEF8D16BA} = {DF0A0F86-00F4-4CB3-BA15-A43CEF8D16BA}
	EndProjectSection
EndProject
Project("{FAE04EC0-301F-11D3-BF4B-00C04F79EFBC}") = "nMorph.framework.svc", "..\..\..\..\5_framework\svc\out\cslinked\nMorph.framework.svc.csproj", "{DF0A0F86-00F4-4CB3-BA15-A43CEF8D16BA}"
	ProjectSection(ProjectDependencies) = postProject
		{0F67D02B-FA6A-4510-AD79-62E9F76293F4} = {0F67D02B-FA6A-4510-AD79-62E9F76293F4}
		{5B527300-47C0-450F-A1A5-4AD939254689} = {5B527300-47C0-450F-A1A5-4AD939254689}
	EndProjectSection
EndProject
Project("{FAE04EC0-301F-11D3-BF4B-00C04F79EFBC}") = "nMorph.core.db", "..\..\..\..\3_data\db\out\cslinked\nMorph.core.db.csproj", "{5CA8FFAE-F6F1-4E1F-9092-E47B928AE086}"
	ProjectSection(ProjectDependencies) = postProject
		{0F67D02B-FA6A-4510-AD79-62E9F76293F4} = {0F67D02B-FA6A-4510-AD79-62E9F76293F4}
		{5B527300-47C0-450F-A1A5-4AD939254689} = {5B527300-47C0-450F-A1A5-4AD939254689}
		{8179DBEA-1ACC-4E83-BE9A-DD6DFA8AA2B1} = {8179DBEA-1ACC-4E83-BE9A-DD6DFA8AA2B1}
		{DF0A0F86-00F4-4CB3-BA15-A43CEF8D16BA} = {DF0A0F86-00F4-4CB3-BA15-A43CEF8D16BA}
	EndProjectSection
EndProject
Project("{FAE04EC0-301F-11D3-BF4B-00C04F79EFBC}") = "nMorph.core.objects", "..\..\..\objects\out\cslinked\nMorph.core.objects.csproj", "{B5483E08-6A0B-49A1-83F0-B634DEEEBC40}"
	ProjectSection(ProjectDependencies) = postProject
		{0F67D02B-FA6A-4510-AD79-62E9F76293F4} = {0F67D02B-FA6A-4510-AD79-62E9F76293F4}
		{5B527300-47C0-450F-A1A5-4AD939254689} = {5B527300-47C0-450F-A1A5-4AD939254689}
		{8179DBEA-1ACC-4E83-BE9A-DD6DFA8AA2B1} = {8179DBEA-1ACC-4E83-BE9A-DD6DFA8AA2B1}
		{DF0A0F86-00F4-4CB3-BA15-A43CEF8D16BA} = {DF0A0F86-00F4-4CB3-BA15-A43CEF8D16BA}
		{5CA8FFAE-F6F1-4E1F-9092-E47B928AE086} = {5CA8FFAE-F6F1-4E1F-9092-E47B928AE086}
	EndProjectSection
EndProject
Project("{FAE04EC0-301F-11D3-BF4B-00C04F79EFBC}") = "nMorph.core.logic", "..\..\..\logic\out\cslinked\nMorph.core.logic.csproj", "{7A0CD669-E267-4570-B2F2-A4934B666C7A}"
	ProjectSection(ProjectDependencies) = postProject
		{0F67D02B-FA6A-4510-AD79-62E9F76293F4} = {0F67D02B-FA6A-4510-AD79-62E9F76293F4}
		{B5483E08-6A0B-49A1-83F0-B634DEEEBC40} = {B5483E08-6A0B-49A1-83F0-B634DEEEBC40}
		{5B527300-47C0-450F-A1A5-4AD939254689} = {5B527300-47C0-450F-A1A5-4AD939254689}
		{8179DBEA-1ACC-4E83-BE9A-DD6DFA8AA2B1} = {8179DBEA-1ACC-4E83-BE9A-DD6DFA8AA2B1}
		{DF0A0F86-00F4-4CB3-BA15-A43CEF8D16BA} = {DF0A0F86-00F4-4CB3-BA15-A43CEF8D16BA}
		{5CA8FFAE-F6F1-4E1F-9092-E47B928AE086} = {5CA8FFAE-F6F1-4E1F-9092-E47B928AE086}
	EndProjectSection
EndProject
Project("{FAE04EC0-301F-11D3-BF4B-00C04F79EFBC}") = "nMorph.core.service", "..\..\..\service\out\cslinked\nMorph.core.service.csproj", "{AEB7ED60-94C1-4C90-A676-1B502705B50C}"
	ProjectSection(ProjectDependencies) = postProject
		{7A0CD669-E267-4570-B2F2-A4934B666C7A} = {7A0CD669-E267-4570-B2F2-A4934B666C7A}
		{0F67D02B-FA6A-4510-AD79-62E9F76293F4} = {0F67D02B-FA6A-4510-AD79-62E9F76293F4}
		{B5483E08-6A0B-49A1-83F0-B634DEEEBC40} = {B5483E08-6A0B-49A1-83F0-B634DEEEBC40}
		{5B527300-47C0-450F-A1A5-4AD939254689} = {5B527300-47C0-450F-A1A5-4AD939254689}
		{8179DBEA-1ACC-4E83-BE9A-DD6DFA8AA2B1} = {8179DBEA-1ACC-4E83-BE9A-DD6DFA8AA2B1}
		{DF0A0F86-00F4-4CB3-BA15-A43CEF8D16BA} = {DF0A0F86-00F4-4CB3-BA15-A43CEF8D16BA}
		{5CA8FFAE-F6F1-4E1F-9092-E47B928AE086} = {5CA8FFAE-F6F1-4E1F-9092-E47B928AE086}
	EndProjectSection
EndProject
Project("{FAE04EC0-301F-11D3-BF4B-00C04F79EFBC}") = "nMorph.core.server.net4.dev", "server.net\nMorph.core.server.net4.dev.csproj", "{F23E2A5D-1D07-429C-AD2D-12F4F08F32BD}"
EndProject
Global
	GlobalSection(SolutionConfigurationPlatforms) = preSolution
		Debug|AnyCPU = Debug|AnyCPU
		Release|AnyCPU = Release|AnyCPU
	EndGlobalSection
	GlobalSection(ProjectConfigurationPlatforms) = postSolution
		{0F67D02B-FA6A-4510-AD79-62E9F76293F4}.Debug|AnyCPU.ActiveCfg = Debug|Any CPU
		{0F67D02B-FA6A-4510-AD79-62E9F76293F4}.Debug|AnyCPU.Build.0 = Debug|Any CPU
		{0F67D02B-FA6A-4510-AD79-62E9F76293F4}.Release|AnyCPU.ActiveCfg = Release|Any CPU
		{0F67D02B-FA6A-4510-AD79-62E9F76293F4}.Release|AnyCPU.Build.0 = Release|Any CPU
		{5B527300-47C0-450F-A1A5-4AD939254689}.Debug|AnyCPU.ActiveCfg = Debug|Any CPU
		{5B527300-47C0-450F-A1A5-4AD939254689}.Debug|AnyCPU.Build.0 = Debug|Any CPU
		{5B527300-47C0-450F-A1A5-4AD939254689}.Release|AnyCPU.ActiveCfg = Release|Any CPU
		{5B527300-47C0-450F-A1A5-4AD939254689}.Release|AnyCPU.Build.0 = Release|Any CPU
		{8179DBEA-1ACC-4E83-BE9A-DD6DFA8AA2B1}.Debug|AnyCPU.ActiveCfg = Debug|Any CPU
		{8179DBEA-1ACC-4E83-BE9A-DD6DFA8AA2B1}.Debug|AnyCPU.Build.0 = Debug|Any CPU
		{8179DBEA-1ACC-4E83-BE9A-DD6DFA8AA2B1}.Release|AnyCPU.ActiveCfg = Release|Any CPU
		{8179DBEA-1ACC-4E83-BE9A-DD6DFA8AA2B1}.Release|AnyCPU.Build.0 = Release|Any CPU
		{DF0A0F86-00F4-4CB3-BA15-A43CEF8D16BA}.Debug|AnyCPU.ActiveCfg = Debug|Any CPU
		{DF0A0F86-00F4-4CB3-BA15-A43CEF8D16BA}.Debug|AnyCPU.Build.0 = Debug|Any CPU
		{DF0A0F86-00F4-4CB3-BA15-A43CEF8D16BA}.Release|AnyCPU.ActiveCfg = Release|Any CPU
		{DF0A0F86-00F4-4CB3-BA15-A43CEF8D16BA}.Release|AnyCPU.Build.0 = Release|Any CPU
		{5CA8FFAE-F6F1-4E1F-9092-E47B928AE086}.Debug|AnyCPU.ActiveCfg = Debug|Any CPU
		{5CA8FFAE-F6F1-4E1F-9092-E47B928AE086}.Debug|AnyCPU.Build.0 = Debug|Any CPU
		{5CA8FFAE-F6F1-4E1F-9092-E47B928AE086}.Release|AnyCPU.ActiveCfg = Release|Any CPU
		{5CA8FFAE-F6F1-4E1F-9092-E47B928AE086}.Release|AnyCPU.Build.0 = Release|Any CPU
		{B5483E08-6A0B-49A1-83F0-B634DEEEBC40}.Debug|AnyCPU.ActiveCfg = Debug|Any CPU
		{B5483E08-6A0B-49A1-83F0-B634DEEEBC40}.Debug|AnyCPU.Build.0 = Debug|Any CPU
		{B5483E08-6A0B-49A1-83F0-B634DEEEBC40}.Release|AnyCPU.ActiveCfg = Release|Any CPU
		{B5483E08-6A0B-49A1-83F0-B634DEEEBC40}.Release|AnyCPU.Build.0 = Release|Any CPU
		{7A0CD669-E267-4570-B2F2-A4934B666C7A}.Debug|AnyCPU.ActiveCfg = Debug|Any CPU
		{7A0CD669-E267-4570-B2F2-A4934B666C7A}.Debug|AnyCPU.Build.0 = Debug|Any CPU
		{7A0CD669-E267-4570-B2F2-A4934B666C7A}.Release|AnyCPU.ActiveCfg = Release|Any CPU
		{7A0CD669-E267-4570-B2F2-A4934B666C7A}.Release|AnyCPU.Build.0 = Release|Any CPU
		{AEB7ED60-94C1-4C90-A676-1B502705B50C}.Debug|AnyCPU.ActiveCfg = Debug|Any CPU
		{AEB7ED60-94C1-4C90-A676-1B502705B50C}.Debug|AnyCPU.Build.0 = Debug|Any CPU
		{AEB7ED60-94C1-4C90-A676-1B502705B50C}.Release|AnyCPU.ActiveCfg = Release|Any CPU
		{AEB7ED60-94C1-4C90-A676-1B502705B50C}.Release|AnyCPU.Build.0 = Release|Any CPU
		{F23E2A5D-1D07-429C-AD2D-12F4F08F32BD}.Debug|AnyCPU.ActiveCfg = Debug|Any CPU
		{F23E2A5D-1D07-429C-AD2D-12F4F08F32BD}.Debug|AnyCPU.Build.0 = Debug|Any CPU
		{F23E2A5D-1D07-429C-AD2D-12F4F08F32BD}.Release|AnyCPU.ActiveCfg = Release|Any CPU
		{F23E2A5D-1D07-429C-AD2D-12F4F08F32BD}.Release|AnyCPU.Build.0 = Release|Any CPU
	EndGlobalSection
	GlobalSection(SolutionProperties) = preSolution
		HideSolutionNode = FALSE
	EndGlobalSection
	GlobalSection(ExtensibilityGlobals) = postSolution
		SolutionGuid = {D68C46E9-ACEB-4437-A281-4D58B6892193}
	EndGlobalSection
	
EndGlobal
